
Microsoft Visual Studio Solution File, Format Version 12.00
# Visual Studio Version 17
VisualStudioVersion = 17.8.34511.84
MinimumVisualStudioVersion = 10.0.40219.1
Project("{9A19103F-16F7-4668-BE54-9A1E7A4F7556}") = "Entities", "..\Entities\Entities.csproj", "{1AF62ACF-BA16-4DB5-80CA-167ADB73211E}"
EndProject
Project("{9A19103F-16F7-4668-BE54-9A1E7A4F7556}") = "Core", "..\Core\Core.csproj", "{F5F61AA1-272F-45B8-BE22-21CD8AAC8248}"
EndProject
Project("{9A19103F-16F7-4668-BE54-9A1E7A4F7556}") = "DataAccess", "..\DataAccess\DataAccess.csproj", "{EC43253B-7CAB-4F76-8888-A5A89094C83F}"
EndProject
Project("{9A19103F-16F7-4668-BE54-9A1E7A4F7556}") = "Business", "..\Business\Business.csproj", "{126C4474-3588-41B5-A372-1DA3B45EDE30}"
EndProject
Project("{FAE04EC0-301F-11D3-BF4B-00C04F79EFBC}") = "WebAPI", "WebAPI\WebAPI.csproj", "{2F4EC19B-845B-4916-94F3-8F0C5BBC01ED}"
EndProject
Global
	GlobalSection(SolutionConfigurationPlatforms) = preSolution
		Debug|Any CPU = Debug|Any CPU
		Release|Any CPU = Release|Any CPU
	EndGlobalSection
	GlobalSection(ProjectConfigurationPlatforms) = postSolution
		{1AF62ACF-BA16-4DB5-80CA-167ADB73211E}.Debug|Any CPU.ActiveCfg = Debug|Any CPU
		{1AF62ACF-BA16-4DB5-80CA-167ADB73211E}.Debug|Any CPU.Build.0 = Debug|Any CPU
		{1AF62ACF-BA16-4DB5-80CA-167ADB73211E}.Release|Any CPU.ActiveCfg = Release|Any CPU
		{1AF62ACF-BA16-4DB5-80CA-167ADB73211E}.Release|Any CPU.Build.0 = Release|Any CPU
		{F5F61AA1-272F-45B8-BE22-21CD8AAC8248}.Debug|Any CPU.ActiveCfg = Debug|Any CPU
		{F5F61AA1-272F-45B8-BE22-21CD8AAC8248}.Debug|Any CPU.Build.0 = Debug|Any CPU
		{F5F61AA1-272F-45B8-BE22-21CD8AAC8248}.Release|Any CPU.ActiveCfg = Release|Any CPU
		{F5F61AA1-272F-45B8-BE22-21CD8AAC8248}.Release|Any CPU.Build.0 = Release|Any CPU
		{EC43253B-7CAB-4F76-8888-A5A89094C83F}.Debug|Any CPU.ActiveCfg = Debug|Any CPU
		{EC43253B-7CAB-4F76-8888-A5A89094C83F}.Debug|Any CPU.Build.0 = Debug|Any CPU
		{EC43253B-7CAB-4F76-8888-A5A89094C83F}.Release|Any CPU.ActiveCfg = Release|Any CPU
		{EC43253B-7CAB-4F76-8888-A5A89094C83F}.Release|Any CPU.Build.0 = Release|Any CPU
		{126C4474-3588-41B5-A372-1DA3B45EDE30}.Debug|Any CPU.ActiveCfg = Debug|Any CPU
		{126C4474-3588-41B5-A372-1DA3B45EDE30}.Debug|Any CPU.Build.0 = Debug|Any CPU
		{126C4474-3588-41B5-A372-1DA3B45EDE30}.Release|Any CPU.ActiveCfg = Release|Any CPU
		{126C4474-3588-41B5-A372-1DA3B45EDE30}.Release|Any CPU.Build.0 = Release|Any CPU
		{2F4EC19B-845B-4916-94F3-8F0C5BBC01ED}.Debug|Any CPU.ActiveCfg = Debug|Any CPU
		{2F4EC19B-845B-4916-94F3-8F0C5BBC01ED}.Debug|Any CPU.Build.0 = Debug|Any CPU
		{2F4EC19B-845B-4916-94F3-8F0C5BBC01ED}.Release|Any CPU.ActiveCfg = Release|Any CPU
		{2F4EC19B-845B-4916-94F3-8F0C5BBC01ED}.Release|Any CPU.Build.0 = Release|Any CPU
	EndGlobalSection
	GlobalSection(SolutionProperties) = preSolution
		HideSolutionNode = FALSE
	EndGlobalSection
	GlobalSection(ExtensibilityGlobals) = postSolution
		SolutionGuid = {903BA5C9-B3E2-421E-B981-DA43B1BF2A82}
	EndGlobalSection
EndGlobal
